// !$*UTF8*$!
{
	archiveVersion = 1;
	classes = {
	};
	objectVersion = 46;
	objects = {

/* Begin PBXBuildFile section */
		87A06F2D1EF01E1100572D14 /* AppDelegate.swift in Sources */ = {isa = PBXBuildFile; fileRef = 87A06F2C1EF01E1100572D14 /* AppDelegate.swift */; };
		87A06F2F1EF01E1100572D14 /* ViewController.swift in Sources */ = {isa = PBXBuildFile; fileRef = 87A06F2E1EF01E1100572D14 /* ViewController.swift */; };
		87A06F321EF01E1100572D14 /* Main.storyboard in Resources */ = {isa = PBXBuildFile; fileRef = 87A06F301EF01E1100572D14 /* Main.storyboard */; };
		87A06F341EF01E1100572D14 /* Assets.xcassets in Resources */ = {isa = PBXBuildFile; fileRef = 87A06F331EF01E1100572D14 /* Assets.xcassets */; };
		87A06F371EF01E1100572D14 /* LaunchScreen.storyboard in Resources */ = {isa = PBXBuildFile; fileRef = 87A06F351EF01E1100572D14 /* LaunchScreen.storyboard */; };
		87A06F421EF01E1100572D14 /* craftTests.swift in Sources */ = {isa = PBXBuildFile; fileRef = 87A06F411EF01E1100572D14 /* craftTests.swift */; };
		87A06F4D1EF01E1100572D14 /* craftUITests.swift in Sources */ = {isa = PBXBuildFile; fileRef = 87A06F4C1EF01E1100572D14 /* craftUITests.swift */; };
/* End PBXBuildFile section */

/* Begin PBXContainerItemProxy section */
		87A06F3E1EF01E1100572D14 /* PBXContainerItemProxy */ = {
			isa = PBXContainerItemProxy;
			containerPortal = 87A06F211EF01E1100572D14 /* Project object */;
			proxyType = 1;
			remoteGlobalIDString = 87A06F281EF01E1100572D14;
			remoteInfo = craft;
		};
		87A06F491EF01E1100572D14 /* PBXContainerItemProxy */ = {
			isa = PBXContainerItemProxy;
			containerPortal = 87A06F211EF01E1100572D14 /* Project object */;
			proxyType = 1;
			remoteGlobalIDString = 87A06F281EF01E1100572D14;
			remoteInfo = craft;
		};
/* End PBXContainerItemProxy section */

/* Begin PBXFileReference section */
		87A06F291EF01E1100572D14 /* craft.app */ = {isa = PBXFileReference; explicitFileType = wrapper.application; includeInIndex = 0; path = craft.app; sourceTree = BUILT_PRODUCTS_DIR; };
		87A06F2C1EF01E1100572D14 /* AppDelegate.swift */ = {isa = PBXFileReference; lastKnownFileType = sourcecode.swift; path = AppDelegate.swift; sourceTree = "<group>"; };
		87A06F2E1EF01E1100572D14 /* ViewController.swift */ = {isa = PBXFileReference; lastKnownFileType = sourcecode.swift; path = ViewController.swift; sourceTree = "<group>"; };
		87A06F311EF01E1100572D14 /* Base */ = {isa = PBXFileReference; lastKnownFileType = file.storyboard; name = Base; path = Base.lproj/Main.storyboard; sourceTree = "<group>"; };
		87A06F331EF01E1100572D14 /* Assets.xcassets */ = {isa = PBXFileReference; lastKnownFileType = folder.assetcatalog; path = Assets.xcassets; sourceTree = "<group>"; };
		87A06F361EF01E1100572D14 /* Base */ = {isa = PBXFileReference; lastKnownFileType = file.storyboard; name = Base; path = Base.lproj/LaunchScreen.storyboard; sourceTree = "<group>"; };
		87A06F381EF01E1100572D14 /* Info.plist */ = {isa = PBXFileReference; lastKnownFileType = text.plist.xml; path = Info.plist; sourceTree = "<group>"; };
		87A06F3D1EF01E1100572D14 /* craftTests.xctest */ = {isa = PBXFileReference; explicitFileType = wrapper.cfbundle; includeInIndex = 0; path = craftTests.xctest; sourceTree = BUILT_PRODUCTS_DIR; };
		87A06F411EF01E1100572D14 /* craftTests.swift */ = {isa = PBXFileReference; lastKnownFileType = sourcecode.swift; path = craftTests.swift; sourceTree = "<group>"; };
		87A06F431EF01E1100572D14 /* Info.plist */ = {isa = PBXFileReference; lastKnownFileType = text.plist.xml; path = Info.plist; sourceTree = "<group>"; };
		87A06F481EF01E1100572D14 /* craftUITests.xctest */ = {isa = PBXFileReference; explicitFileType = wrapper.cfbundle; includeInIndex = 0; path = craftUITests.xctest; sourceTree = BUILT_PRODUCTS_DIR; };
		87A06F4C1EF01E1100572D14 /* craftUITests.swift */ = {isa = PBXFileReference; lastKnownFileType = sourcecode.swift; path = craftUITests.swift; sourceTree = "<group>"; };
		87A06F4E1EF01E1100572D14 /* Info.plist */ = {isa = PBXFileReference; lastKnownFileType = text.plist.xml; path = Info.plist; sourceTree = "<group>"; };
/* End PBXFileReference section */

/* Begin PBXFrameworksBuildPhase section */
		87A06F261EF01E1100572D14 /* Frameworks */ = {
			isa = PBXFrameworksBuildPhase;
			buildActionMask = 2147483647;
			files = (
			);
			runOnlyForDeploymentPostprocessing = 0;
		};
		87A06F3A1EF01E1100572D14 /* Frameworks */ = {
			isa = PBXFrameworksBuildPhase;
			buildActionMask = 2147483647;
			files = (
			);
			runOnlyForDeploymentPostprocessing = 0;
		};
		87A06F451EF01E1100572D14 /* Frameworks */ = {
			isa = PBXFrameworksBuildPhase;
			buildActionMask = 2147483647;
			files = (
			);
			runOnlyForDeploymentPostprocessing = 0;
		};
/* End PBXFrameworksBuildPhase section */

/* Begin PBXGroup section */
		87A06F201EF01E1100572D14 = {
			isa = PBXGroup;
			children = (
				87A06F2B1EF01E1100572D14 /* craft */,
				87A06F401EF01E1100572D14 /* craftTests */,
				87A06F4B1EF01E1100572D14 /* craftUITests */,
				87A06F2A1EF01E1100572D14 /* Products */,
			);
			sourceTree = "<group>";
		};
		87A06F2A1EF01E1100572D14 /* Products */ = {
			isa = PBXGroup;
			children = (
				87A06F291EF01E1100572D14 /* craft.app */,
				87A06F3D1EF01E1100572D14 /* craftTests.xctest */,
				87A06F481EF01E1100572D14 /* craftUITests.xctest */,
			);
			name = Products;
			sourceTree = "<group>";
		};
		87A06F2B1EF01E1100572D14 /* craft */ = {
			isa = PBXGroup;
			children = (
				87A06F2C1EF01E1100572D14 /* AppDelegate.swift */,
				87A06F2E1EF01E1100572D14 /* ViewController.swift */,
				87A06F301EF01E1100572D14 /* Main.storyboard */,
				87A06F331EF01E1100572D14 /* Assets.xcassets */,
				87A06F351EF01E1100572D14 /* LaunchScreen.storyboard */,
				87A06F381EF01E1100572D14 /* Info.plist */,
			);
			path = craft;
			sourceTree = "<group>";
		};
		87A06F401EF01E1100572D14 /* craftTests */ = {
			isa = PBXGroup;
			children = (
				87A06F411EF01E1100572D14 /* craftTests.swift */,
				87A06F431EF01E1100572D14 /* Info.plist */,
			);
			path = craftTests;
			sourceTree = "<group>";
		};
		87A06F4B1EF01E1100572D14 /* craftUITests */ = {
			isa = PBXGroup;
			children = (
				87A06F4C1EF01E1100572D14 /* craftUITests.swift */,
				87A06F4E1EF01E1100572D14 /* Info.plist */,
			);
			path = craftUITests;
			sourceTree = "<group>";
		};
/* End PBXGroup section */

/* Begin PBXNativeTarget section */
		87A06F281EF01E1100572D14 /* craft */ = {
			isa = PBXNativeTarget;
			buildConfigurationList = 87A06F511EF01E1100572D14 /* Build configuration list for PBXNativeTarget "craft" */;
			buildPhases = (
				87A06F251EF01E1100572D14 /* Sources */,
				87A06F261EF01E1100572D14 /* Frameworks */,
				87A06F271EF01E1100572D14 /* Resources */,
			);
			buildRules = (
			);
			dependencies = (
			);
			name = craft;
			productName = craft;
			productReference = 87A06F291EF01E1100572D14 /* craft.app */;
			productType = "com.apple.product-type.application";
		};
		87A06F3C1EF01E1100572D14 /* craftTests */ = {
			isa = PBXNativeTarget;
			buildConfigurationList = 87A06F541EF01E1100572D14 /* Build configuration list for PBXNativeTarget "craftTests" */;
			buildPhases = (
				87A06F391EF01E1100572D14 /* Sources */,
				87A06F3A1EF01E1100572D14 /* Frameworks */,
				87A06F3B1EF01E1100572D14 /* Resources */,
			);
			buildRules = (
			);
			dependencies = (
				87A06F3F1EF01E1100572D14 /* PBXTargetDependency */,
			);
			name = craftTests;
			productName = craftTests;
			productReference = 87A06F3D1EF01E1100572D14 /* craftTests.xctest */;
			productType = "com.apple.product-type.bundle.unit-test";
		};
		87A06F471EF01E1100572D14 /* craftUITests */ = {
			isa = PBXNativeTarget;
			buildConfigurationList = 87A06F571EF01E1100572D14 /* Build configuration list for PBXNativeTarget "craftUITests" */;
			buildPhases = (
				87A06F441EF01E1100572D14 /* Sources */,
				87A06F451EF01E1100572D14 /* Frameworks */,
				87A06F461EF01E1100572D14 /* Resources */,
			);
			buildRules = (
			);
			dependencies = (
				87A06F4A1EF01E1100572D14 /* PBXTargetDependency */,
			);
			name = craftUITests;
			productName = craftUITests;
			productReference = 87A06F481EF01E1100572D14 /* craftUITests.xctest */;
			productType = "com.apple.product-type.bundle.ui-testing";
		};
/* End PBXNativeTarget section */

/* Begin PBXProject section */
		87A06F211EF01E1100572D14 /* Project object */ = {
			isa = PBXProject;
			attributes = {
				LastSwiftUpdateCheck = 0830;
				LastUpgradeCheck = 0830;
				ORGANIZATIONNAME = "Akane Yamashita";
				TargetAttributes = {
					87A06F281EF01E1100572D14 = {
						CreatedOnToolsVersion = 8.3.3;
						ProvisioningStyle = Automatic;
					};
					87A06F3C1EF01E1100572D14 = {
						CreatedOnToolsVersion = 8.3.3;
						ProvisioningStyle = Automatic;
						TestTargetID = 87A06F281EF01E1100572D14;
					};
					87A06F471EF01E1100572D14 = {
						CreatedOnToolsVersion = 8.3.3;
						ProvisioningStyle = Automatic;
						TestTargetID = 87A06F281EF01E1100572D14;
					};
				};
			};
			buildConfigurationList = 87A06F241EF01E1100572D14 /* Build configuration list for PBXProject "craft" */;
			compatibilityVersion = "Xcode 3.2";
			developmentRegion = English;
			hasScannedForEncodings = 0;
			knownRegions = (
				en,
				Base,
			);
			mainGroup = 87A06F201EF01E1100572D14;
			productRefGroup = 87A06F2A1EF01E1100572D14 /* Products */;
			projectDirPath = "";
			projectRoot = "";
			targets = (
				87A06F281EF01E1100572D14 /* craft */,
				87A06F3C1EF01E1100572D14 /* craftTests */,
				87A06F471EF01E1100572D14 /* craftUITests */,
			);
		};
/* End PBXProject section */

/* Begin PBXResourcesBuildPhase section */
		87A06F271EF01E1100572D14 /* Resources */ = {
			isa = PBXResourcesBuildPhase;
			buildActionMask = 2147483647;
			files = (
				87A06F371EF01E1100572D14 /* LaunchScreen.storyboard in Resources */,
				87A06F341EF01E1100572D14 /* Assets.xcassets in Resources */,
				87A06F321EF01E1100572D14 /* Main.storyboard in Resources */,
			);
			runOnlyForDeploymentPostprocessing = 0;
		};
		87A06F3B1EF01E1100572D14 /* Resources */ = {
			isa = PBXResourcesBuildPhase;
			buildActionMask = 2147483647;
			files = (
			);
			runOnlyForDeploymentPostprocessing = 0;
		};
		87A06F461EF01E1100572D14 /* Resources */ = {
			isa = PBXResourcesBuildPhase;
			buildActionMask = 2147483647;
			files = (
			);
			runOnlyForDeploymentPostprocessing = 0;
		};
/* End PBXResourcesBuildPhase section */

/* Begin PBXSourcesBuildPhase section */
		87A06F251EF01E1100572D14 /* Sources */ = {
			isa = PBXSourcesBuildPhase;
			buildActionMask = 2147483647;
			files = (
				87A06F2F1EF01E1100572D14 /* ViewController.swift in Sources */,
				87A06F2D1EF01E1100572D14 /* AppDelegate.swift in Sources */,
			);
			runOnlyForDeploymentPostprocessing = 0;
		};
		87A06F391EF01E1100572D14 /* Sources */ = {
			isa = PBXSourcesBuildPhase;
			buildActionMask = 2147483647;
			files = (
				87A06F421EF01E1100572D14 /* craftTests.swift in Sources */,
			);
			runOnlyForDeploymentPostprocessing = 0;
		};
		87A06F441EF01E1100572D14 /* Sources */ = {
			isa = PBXSourcesBuildPhase;
			buildActionMask = 2147483647;
			files = (
				87A06F4D1EF01E1100572D14 /* craftUITests.swift in Sources */,
			);
			runOnlyForDeploymentPostprocessing = 0;
		};
/* End PBXSourcesBuildPhase section */

/* Begin PBXTargetDependency section */
		87A06F3F1EF01E1100572D14 /* PBXTargetDependency */ = {
			isa = PBXTargetDependency;
			target = 87A06F281EF01E1100572D14 /* craft */;
			targetProxy = 87A06F3E1EF01E1100572D14 /* PBXContainerItemProxy */;
		};
		87A06F4A1EF01E1100572D14 /* PBXTargetDependency */ = {
			isa = PBXTargetDependency;
			target = 87A06F281EF01E1100572D14 /* craft */;
			targetProxy = 87A06F491EF01E1100572D14 /* PBXContainerItemProxy */;
		};
/* End PBXTargetDependency section */

/* Begin PBXVariantGroup section */
		87A06F301EF01E1100572D14 /* Main.storyboard */ = {
			isa = PBXVariantGroup;
			children = (
				87A06F311EF01E1100572D14 /* Base */,
			);
			name = Main.storyboard;
			sourceTree = "<group>";
		};
		87A06F351EF01E1100572D14 /* LaunchScreen.storyboard */ = {
			isa = PBXVariantGroup;
			children = (
				87A06F361EF01E1100572D14 /* Base */,
			);
			name = LaunchScreen.storyboard;
			sourceTree = "<group>";
		};
/* End PBXVariantGroup section */

/* Begin XCBuildConfiguration section */
		87A06F4F1EF01E1100572D14 /* Debug */ = {
			isa = XCBuildConfiguration;
			buildSettings = {
				ALWAYS_SEARCH_USER_PATHS = NO;
				CLANG_ANALYZER_NONNULL = YES;
				CLANG_ANALYZER_NUMBER_OBJECT_CONVERSION = YES_AGGRESSIVE;
				CLANG_CXX_LANGUAGE_STANDARD = "gnu++0x";
				CLANG_CXX_LIBRARY = "libc++";
				CLANG_ENABLE_MODULES = YES;
				CLANG_ENABLE_OBJC_ARC = YES;
				CLANG_WARN_BOOL_CONVERSION = YES;
				CLANG_WARN_CONSTANT_CONVERSION = YES;
				CLANG_WARN_DIRECT_OBJC_ISA_USAGE = YES_ERROR;
				CLANG_WARN_DOCUMENTATION_COMMENTS = YES;
				CLANG_WARN_EMPTY_BODY = YES;
				CLANG_WARN_ENUM_CONVERSION = YES;
				CLANG_WARN_INFINITE_RECURSION = YES;
				CLANG_WARN_INT_CONVERSION = YES;
				CLANG_WARN_OBJC_ROOT_CLASS = YES_ERROR;
				CLANG_WARN_SUSPICIOUS_MOVE = YES;
				CLANG_WARN_UNREACHABLE_CODE = YES;
				CLANG_WARN__DUPLICATE_METHOD_MATCH = YES;
				"CODE_SIGN_IDENTITY[sdk=iphoneos*]" = "iPhone Developer";
				COPY_PHASE_STRIP = NO;
				DEBUG_INFORMATION_FORMAT = dwarf;
				ENABLE_STRICT_OBJC_MSGSEND = YES;
				ENABLE_TESTABILITY = YES;
				GCC_C_LANGUAGE_STANDARD = gnu99;
				GCC_DYNAMIC_NO_PIC = NO;
				GCC_NO_COMMON_BLOCKS = YES;
				GCC_OPTIMIZATION_LEVEL = 0;
				GCC_PREPROCESSOR_DEFINITIONS = (
					"DEBUG=1",
					"$(inherited)",
				);
				GCC_WARN_64_TO_32_BIT_CONVERSION = YES;
				GCC_WARN_ABOUT_RETURN_TYPE = YES_ERROR;
				GCC_WARN_UNDECLARED_SELECTOR = YES;
				GCC_WARN_UNINITIALIZED_AUTOS = YES_AGGRESSIVE;
				GCC_WARN_UNUSED_FUNCTION = YES;
				GCC_WARN_UNUSED_VARIABLE = YES;
				IPHONEOS_DEPLOYMENT_TARGET = 10.3;
				MTL_ENABLE_DEBUG_INFO = YES;
				ONLY_ACTIVE_ARCH = YES;
				SDKROOT = iphoneos;
				SWIFT_ACTIVE_COMPILATION_CONDITIONS = DEBUG;
				SWIFT_OPTIMIZATION_LEVEL = "-Onone";
				TARGETED_DEVICE_FAMILY = "1,2";
			};
			name = Debug;
		};
		87A06F501EF01E1100572D14 /* Release */ = {
			isa = XCBuildConfiguration;
			buildSettings = {
				ALWAYS_SEARCH_USER_PATHS = NO;
				CLANG_ANALYZER_NONNULL = YES;
				CLANG_ANALYZER_NUMBER_OBJECT_CONVERSION = YES_AGGRESSIVE;
				CLANG_CXX_LANGUAGE_STANDARD = "gnu++0x";
				CLANG_CXX_LIBRARY = "libc++";
				CLANG_ENABLE_MODULES = YES;
				CLANG_ENABLE_OBJC_ARC = YES;
				CLANG_WARN_BOOL_CONVERSION = YES;
				CLANG_WARN_CONSTANT_CONVERSION = YES;
				CLANG_WARN_DIRECT_OBJC_ISA_USAGE = YES_ERROR;
				CLANG_WARN_DOCUMENTATION_COMMENTS = YES;
				CLANG_WARN_EMPTY_BODY = YES;
				CLANG_WARN_ENUM_CONVERSION = YES;
				CLANG_WARN_INFINITE_RECURSION = YES;
				CLANG_WARN_INT_CONVERSION = YES;
				CLANG_WARN_OBJC_ROOT_CLASS = YES_ERROR;
				CLANG_WARN_SUSPICIOUS_MOVE = YES;
				CLANG_WARN_UNREACHABLE_CODE = YES;
				CLANG_WARN__DUPLICATE_METHOD_MATCH = YES;
				"CODE_SIGN_IDENTITY[sdk=iphoneos*]" = "iPhone Developer";
				COPY_PHASE_STRIP = NO;
				DEBUG_INFORMATION_FORMAT = "dwarf-with-dsym";
				ENABLE_NS_ASSERTIONS = NO;
				ENABLE_STRICT_OBJC_MSGSEND = YES;
				GCC_C_LANGUAGE_STANDARD = gnu99;
				GCC_NO_COMMON_BLOCKS = YES;
				GCC_WARN_64_TO_32_BIT_CONVERSION = YES;
				GCC_WARN_ABOUT_RETURN_TYPE = YES_ERROR;
				GCC_WARN_UNDECLARED_SELECTOR = YES;
				GCC_WARN_UNINITIALIZED_AUTOS = YES_AGGRESSIVE;
				GCC_WARN_UNUSED_FUNCTION = YES;
				GCC_WARN_UNUSED_VARIABLE = YES;
				IPHONEOS_DEPLOYMENT_TARGET = 10.3;
				MTL_ENABLE_DEBUG_INFO = NO;
				SDKROOT = iphoneos;
				SWIFT_OPTIMIZATION_LEVEL = "-Owholemodule";
				TARGETED_DEVICE_FAMILY = "1,2";
				VALIDATE_PRODUCT = YES;
			};
			name = Release;
		};
		87A06F521EF01E1100572D14 /* Debug */ = {
			isa = XCBuildConfiguration;
			buildSettings = {
				ASSETCATALOG_COMPILER_APPICON_NAME = AppIcon;
				INFOPLIST_FILE = craft/Info.plist;
				LD_RUNPATH_SEARCH_PATHS = "$(inherited) @executable_path/Frameworks";
				PRODUCT_BUNDLE_IDENTIFIER = tfarc.craft;
				PRODUCT_NAME = "$(TARGET_NAME)";
				SWIFT_VERSION = 3.0;
			};
			name = Debug;
		};
		87A06F531EF01E1100572D14 /* Release */ = {
			isa = XCBuildConfiguration;
			buildSettings = {
				ASSETCATALOG_COMPILER_APPICON_NAME = AppIcon;
				INFOPLIST_FILE = craft/Info.plist;
				LD_RUNPATH_SEARCH_PATHS = "$(inherited) @executable_path/Frameworks";
				PRODUCT_BUNDLE_IDENTIFIER = tfarc.craft;
				PRODUCT_NAME = "$(TARGET_NAME)";
				SWIFT_VERSION = 3.0;
			};
			name = Release;
		};
		87A06F551EF01E1100572D14 /* Debug */ = {
			isa = XCBuildConfiguration;
			buildSettings = {
				ALWAYS_EMBED_SWIFT_STANDARD_LIBRARIES = YES;
				BUNDLE_LOADER = "$(TEST_HOST)";
				INFOPLIST_FILE = craftTests/Info.plist;
				LD_RUNPATH_SEARCH_PATHS = "$(inherited) @executable_path/Frameworks @loader_path/Frameworks";
				PRODUCT_BUNDLE_IDENTIFIER = tfarc.craftTests;
				PRODUCT_NAME = "$(TARGET_NAME)";
				SWIFT_VERSION = 3.0;
				TEST_HOST = "$(BUILT_PRODUCTS_DIR)/craft.app/craft";
			};
			name = Debug;
		};
		87A06F561EF01E1100572D14 /* Release */ = {
			isa = XCBuildConfiguration;
			buildSettings = {
				ALWAYS_EMBED_SWIFT_STANDARD_LIBRARIES = YES;
				BUNDLE_LOADER = "$(TEST_HOST)";
				INFOPLIST_FILE = craftTests/Info.plist;
				LD_RUNPATH_SEARCH_PATHS = "$(inherited) @executable_path/Frameworks @loader_path/Frameworks";
				PRODUCT_BUNDLE_IDENTIFIER = tfarc.craftTests;
				PRODUCT_NAME = "$(TARGET_NAME)";
				SWIFT_VERSION = 3.0;
				TEST_HOST = "$(BUILT_PRODUCTS_DIR)/craft.app/craft";
			};
			name = Release;
		};
		87A06F581EF01E1100572D14 /* Debug */ = {
			isa = XCBuildConfiguration;
			buildSettings = {
				ALWAYS_EMBED_SWIFT_STANDARD_LIBRARIES = YES;
				INFOPLIST_FILE = craftUITests/Info.plist;
				LD_RUNPATH_SEARCH_PATHS = "$(inherited) @executable_path/Frameworks @loader_path/Frameworks";
				PRODUCT_BUNDLE_IDENTIFIER = tfarc.craftUITests;
				PRODUCT_NAME = "$(TARGET_NAME)";
				SWIFT_VERSION = 3.0;
				TEST_TARGET_NAME = craft;
			};
			name = Debug;
		};
		87A06F591EF01E1100572D14 /* Release */ = {
			isa = XCBuildConfiguration;
			buildSettings = {
				ALWAYS_EMBED_SWIFT_STANDARD_LIBRARIES = YES;
				INFOPLIST_FILE = craftUITests/Info.plist;
				LD_RUNPATH_SEARCH_PATHS = "$(inherited) @executable_path/Frameworks @loader_path/Frameworks";
				PRODUCT_BUNDLE_IDENTIFIER = tfarc.craftUITests;
				PRODUCT_NAME = "$(TARGET_NAME)";
				SWIFT_VERSION = 3.0;
				TEST_TARGET_NAME = craft;
			};
			name = Release;
		};
/* End XCBuildConfiguration section */

/* Begin XCConfigurationList section */
		87A06F241EF01E1100572D14 /* Build configuration list for PBXProject "craft" */ = {
			isa = XCConfigurationList;
			buildConfigurations = (
				87A06F4F1EF01E1100572D14 /* Debug */,
				87A06F501EF01E1100572D14 /* Release */,
			);
			defaultConfigurationIsVisible = 0;
			defaultConfigurationName = Release;
		};
		87A06F511EF01E1100572D14 /* Build configuration list for PBXNativeTarget "craft" */ = {
			isa = XCConfigurationList;
			buildConfigurations = (
				87A06F521EF01E1100572D14 /* Debug */,
				87A06F531EF01E1100572D14 /* Release */,
			);
			defaultConfigurationIsVisible = 0;
		};
		87A06F541EF01E1100572D14 /* Build configuration list for PBXNativeTarget "craftTests" */ = {
			isa = XCConfigurationList;
			buildConfigurations = (
				87A06F551EF01E1100572D14 /* Debug */,
				87A06F561EF01E1100572D14 /* Release */,
			);
			defaultConfigurationIsVisible = 0;
		};
		87A06F571EF01E1100572D14 /* Build configuration list for PBXNativeTarget "craftUITests" */ = {
			isa = XCConfigurationList;
			buildConfigurations = (
				87A06F581EF01E1100572D14 /* Debug */,
				87A06F591EF01E1100572D14 /* Release */,
			);
			defaultConfigurationIsVisible = 0;
		};
/* End XCConfigurationList section */
	};
	rootObject = 87A06F211EF01E1100572D14 /* Project object */;
}
